
Microsoft Visual Studio Solution File, Format Version 12.00
# Visual Studio Version 16
VisualStudioVersion = 16.0.31702.278
MinimumVisualStudioVersion = 10.0.40219.1
Project("{FAE04EC0-301F-11D3-BF4B-00C04F79EFBC}") = "CreationModelPlugin5", "CreationModelPlugin5\CreationModelPlugin5.csproj", "{FC55FDF5-DC91-4221-8504-23C9FF7D3B91}"
EndProject
Global
	GlobalSection(SolutionConfigurationPlatforms) = preSolution
		Debug|Any CPU = Debug|Any CPU
		Release|Any CPU = Release|Any CPU
	EndGlobalSection
	GlobalSection(ProjectConfigurationPlatforms) = postSolution
		{FC55FDF5-DC91-4221-8504-23C9FF7D3B91}.Debug|Any CPU.ActiveCfg = Debug|Any CPU
		{FC55FDF5-DC91-4221-8504-23C9FF7D3B91}.Debug|Any CPU.Build.0 = Debug|Any CPU
		{FC55FDF5-DC91-4221-8504-23C9FF7D3B91}.Release|Any CPU.ActiveCfg = Release|Any CPU
		{FC55FDF5-DC91-4221-8504-23C9FF7D3B91}.Release|Any CPU.Build.0 = Release|Any CPU
	EndGlobalSection
	GlobalSection(SolutionProperties) = preSolution
		HideSolutionNode = FALSE
	EndGlobalSection
	GlobalSection(ExtensibilityGlobals) = postSolution
		SolutionGuid = {785DC7AB-3B84-4D84-A3D1-E0D8EA4AF509}
	EndGlobalSection
EndGlobal
